github.com/davecgh/go-spew v1.1.0 h1:ZDRjVQ15GmhC3fiQ8ni8+OwkZQO4DARzQgrnXU1Liz8=
github.com/hablullah/go-juliandays v1.0.1-0.20220316153050-f56193695a5b h1:Qp6WC5idnPxaUQpX50s+1jrrjIqaCSuCu2BkQgGx/tQ=
github.com/hablullah/go-juliandays v1.0.1-0.20220316153050-f56193695a5b/go.mod h1:0JOYq4oFOuDja+oospuc61YoX+uNEn7Z6uHYTbBzdGc=
github.com/hablullah/go-sampa v0.0.0-20221104133552-3e470edf3055 h1:YhwaM/g5V0++noh3rxt0dkvUo3crobErjAwljk7wOho=
github.com/hablullah/go-sampa v0.0.0-20221104133552-3e470edf3055/go.mod h1:HpMdtFMLQgpMt8YdrkDvnzY1nSsvA3IXMX5/60TJwqc=
github.com/pmezard/go-difflib v1.0.0 h1:4DBwDE0NGyQoBHbLQYPwSUPoCMWR5BEzIk/f1lZbAQM=
github.com/stretchr/testify v1.7.1 h1:5TQK59W5E3v0r2duFAb7P95B6hEeOyEnHRa8MjYSMTY=
gopkg.in/yaml.v3 v3.0.0-20200313102051-9f266ea9e77c h1:dUUwHk2QECo/6vqA44rthZ8ie2QXMNeKRTHCNY2nXvo=
